
Microsoft Visual Studio Solution File, Format Version 12.00
# Visual Studio Version 16
Project("{8BC9CEB8-8B4A-11D0-8D11-00A0C91BC942}") = "GLFW", "Gravel\vendor\GLFW\GLFW.vcxproj", "{154B857C-0182-860D-AA6E-6C109684020F}"
EndProject
Project("{8BC9CEB8-8B4A-11D0-8D11-00A0C91BC942}") = "Gbox", "GravelBox\Gbox.vcxproj", "{15AE857C-01E5-860D-AAD1-6C1096E7020F}"
EndProject
Project("{8BC9CEB8-8B4A-11D0-8D11-00A0C91BC942}") = "Gravel", "Gravel\Gravel.vcxproj", "{0667C3B5-F208-EE8B-DBC3-01E0C70475DC}"
EndProject
Global
	GlobalSection(SolutionConfigurationPlatforms) = preSolution
		Debug|x64 = Debug|x64
		Dist|x64 = Dist|x64
		Release|x64 = Release|x64
	EndGlobalSection
	GlobalSection(ProjectConfigurationPlatforms) = postSolution
		{154B857C-0182-860D-AA6E-6C109684020F}.Debug|x64.ActiveCfg = Debug|x64
		{154B857C-0182-860D-AA6E-6C109684020F}.Debug|x64.Build.0 = Debug|x64
		{154B857C-0182-860D-AA6E-6C109684020F}.Dist|x64.ActiveCfg = Dist|x64
		{154B857C-0182-860D-AA6E-6C109684020F}.Dist|x64.Build.0 = Dist|x64
		{154B857C-0182-860D-AA6E-6C109684020F}.Release|x64.ActiveCfg = Release|x64
		{154B857C-0182-860D-AA6E-6C109684020F}.Release|x64.Build.0 = Release|x64
		{15AE857C-01E5-860D-AAD1-6C1096E7020F}.Debug|x64.ActiveCfg = Debug|x64
		{15AE857C-01E5-860D-AAD1-6C1096E7020F}.Debug|x64.Build.0 = Debug|x64
		{15AE857C-01E5-860D-AAD1-6C1096E7020F}.Dist|x64.ActiveCfg = Dist|x64
		{15AE857C-01E5-860D-AAD1-6C1096E7020F}.Dist|x64.Build.0 = Dist|x64
		{15AE857C-01E5-860D-AAD1-6C1096E7020F}.Release|x64.ActiveCfg = Release|x64
		{15AE857C-01E5-860D-AAD1-6C1096E7020F}.Release|x64.Build.0 = Release|x64
		{0667C3B5-F208-EE8B-DBC3-01E0C70475DC}.Debug|x64.ActiveCfg = Debug|x64
		{0667C3B5-F208-EE8B-DBC3-01E0C70475DC}.Debug|x64.Build.0 = Debug|x64
		{0667C3B5-F208-EE8B-DBC3-01E0C70475DC}.Dist|x64.ActiveCfg = Dist|x64
		{0667C3B5-F208-EE8B-DBC3-01E0C70475DC}.Dist|x64.Build.0 = Dist|x64
		{0667C3B5-F208-EE8B-DBC3-01E0C70475DC}.Release|x64.ActiveCfg = Release|x64
		{0667C3B5-F208-EE8B-DBC3-01E0C70475DC}.Release|x64.Build.0 = Release|x64
	EndGlobalSection
	GlobalSection(SolutionProperties) = preSolution
		HideSolutionNode = FALSE
	EndGlobalSection
EndGlobal
