<?xml version="1.0" encoding="utf-8"?>
<Project ToolsVersion="4.0" xmlns="http://schemas.microsoft.com/developer/msbuild/2003">
  <ItemGroup>
    <Filter Include="Gravel">
      <UniqueIdentifier>{0667C3B5-F208-EE8B-DBC3-01E0C70475DC}</UniqueIdentifier>
    </Filter>
    <Filter Include="Gravel\Events">
      <UniqueIdentifier>{2A300A0E-96F0-8544-5F2B-CFC1CBAACA20}</UniqueIdentifier>
    </Filter>
    <Filter Include="Platform">
      <UniqueIdentifier>{2AC788B4-1694-E3BF-3FAD-D1672BD9184E}</UniqueIdentifier>
    </Filter>
    <Filter Include="Platform\Windows">
      <UniqueIdentifier>{64FBD71A-50F4-F66C-7926-DCF1657ED678}</UniqueIdentifier>
    </Filter>
  </ItemGroup>
  <ItemGroup>
    <ClInclude Include="src\Gravel.h" />
    <ClInclude Include="src\Gravel\Application.h">
      <Filter>Gravel</Filter>
    </ClInclude>
    <ClInclude Include="src\Gravel\Core.h">
      <Filter>Gravel</Filter>
    </ClInclude>
    <ClInclude Include="src\Gravel\Entry.h">
      <Filter>Gravel</Filter>
    </ClInclude>
    <ClInclude Include="src\Gravel\Events\Application_Event.h">
      <Filter>Gravel\Events</Filter>
    </ClInclude>
    <ClInclude Include="src\Gravel\Events\Event.h">
      <Filter>Gravel\Events</Filter>
    </ClInclude>
    <ClInclude Include="src\Gravel\Events\Keyboard_Event.h">
      <Filter>Gravel\Events</Filter>
    </ClInclude>
    <ClInclude Include="src\Gravel\Events\Mouse_Event.h">
      <Filter>Gravel\Events</Filter>
    </ClInclude>
    <ClInclude Include="src\Gravel\Log.h">
      <Filter>Gravel</Filter>
    </ClInclude>
    <ClInclude Include="src\Gravel\Window.h">
      <Filter>Gravel</Filter>
    </ClInclude>
    <ClInclude Include="src\Platform\Windows\WindowsWindow.h">
      <Filter>Platform\Windows</Filter>
    </ClInclude>
    <ClInclude Include="src\grvpch.h" />
  </ItemGroup>
  <ItemGroup>
    <ClCompile Include="src\Gravel\Application.cpp">
      <Filter>Gravel</Filter>
    </ClCompile>
    <ClCompile Include="src\Gravel\Log.cpp">
      <Filter>Gravel</Filter>
    </ClCompile>
    <ClCompile Include="src\Platform\Windows\WindowsWindow.cpp">
      <Filter>Platform\Windows</Filter>
    </ClCompile>
    <ClCompile Include="src\grvpch.cpp" />
  </ItemGroup>
</Project>